# THIS IS AN AUTOGENERATED FILE. DO NOT EDIT THIS FILE DIRECTLY.
# yarn lockfile v1


json-formatter-js@^1.3.0:
  version "1.3.0"
  resolved "https://registry.yarnpkg.com/json-formatter-js/-/json-formatter-js-1.3.0.tgz#a6577ac03ae7876d492b0954bd4eff33c38cbc09"

vue@^2.2.1:
  version "2.2.1"
  resolved "https://registry.yarnpkg.com/vue/-/vue-2.2.1.tgz#ddbfd2f0caf38f374f5a36eea2e1edf25225b68e"
